
Microsoft Visual Studio Solution File, Format Version 12.00
Project("{FAE04EC0-301F-11D3-BF4B-00C04F79EFBC}") = "KataFraction", "KataFraction\KataFraction.csproj", "{AD789D1B-C637-4C83-99B9-7A3DF4CFBE3B}"
EndProject
Global
	GlobalSection(SolutionConfigurationPlatforms) = preSolution
		Debug|Any CPU = Debug|Any CPU
		Release|Any CPU = Release|Any CPU
	EndGlobalSection
	GlobalSection(ProjectConfigurationPlatforms) = postSolution
		{AD789D1B-C637-4C83-99B9-7A3DF4CFBE3B}.Debug|Any CPU.ActiveCfg = Debug|Any CPU
		{AD789D1B-C637-4C83-99B9-7A3DF4CFBE3B}.Debug|Any CPU.Build.0 = Debug|Any CPU
		{AD789D1B-C637-4C83-99B9-7A3DF4CFBE3B}.Release|Any CPU.ActiveCfg = Release|Any CPU
		{AD789D1B-C637-4C83-99B9-7A3DF4CFBE3B}.Release|Any CPU.Build.0 = Release|Any CPU
	EndGlobalSection
EndGlobal
